// !$*UTF8*$!
{
	archiveVersion = 1;
	classes = {
	};
	objectVersion = 50;
	objects = {

/* Begin PBXBuildFile section */
		1D6B917822A521A9006456DC /* AppDelegate.m in Sources */ = {isa = PBXBuildFile; fileRef = 1D6B917722A521A9006456DC /* AppDelegate.m */; };
		1D6B917B22A521A9006456DC /* ViewController.m in Sources */ = {isa = PBXBuildFile; fileRef = 1D6B917A22A521A9006456DC /* ViewController.m */; };
		1D6B917E22A521A9006456DC /* Main.storyboard in Resources */ = {isa = PBXBuildFile; fileRef = 1D6B917C22A521A9006456DC /* Main.storyboard */; };
		1D6B918022A521AA006456DC /* Assets.xcassets in Resources */ = {isa = PBXBuildFile; fileRef = 1D6B917F22A521AA006456DC /* Assets.xcassets */; };
		1D6B918322A521AA006456DC /* LaunchScreen.storyboard in Resources */ = {isa = PBXBuildFile; fileRef = 1D6B918122A521AA006456DC /* LaunchScreen.storyboard */; };
		1D6B918622A521AA006456DC /* main.m in Sources */ = {isa = PBXBuildFile; fileRef = 1D6B918522A521AA006456DC /* main.m */; };
		1D6B919022A521AA006456DC /* XGYMediatorTests.m in Sources */ = {isa = PBXBuildFile; fileRef = 1D6B918F22A521AA006456DC /* XGYMediatorTests.m */; };
		1D6B919B22A521AA006456DC /* XGYMediatorUITests.m in Sources */ = {isa = PBXBuildFile; fileRef = 1D6B919A22A521AA006456DC /* XGYMediatorUITests.m */; };
/* End PBXBuildFile section */

/* Begin PBXContainerItemProxy section */
		1D6B918C22A521AA006456DC /* PBXContainerItemProxy */ = {
			isa = PBXContainerItemProxy;
			containerPortal = 1D6B916B22A521A9006456DC /* Project object */;
			proxyType = 1;
			remoteGlobalIDString = 1D6B917222A521A9006456DC;
			remoteInfo = XGYMediator;
		};
		1D6B919722A521AA006456DC /* PBXContainerItemProxy */ = {
			isa = PBXContainerItemProxy;
			containerPortal = 1D6B916B22A521A9006456DC /* Project object */;
			proxyType = 1;
			remoteGlobalIDString = 1D6B917222A521A9006456DC;
			remoteInfo = XGYMediator;
		};
/* End PBXContainerItemProxy section */

/* Begin PBXFileReference section */
		1D6B917322A521A9006456DC /* XGYMediator.app */ = {isa = PBXFileReference; explicitFileType = wrapper.application; includeInIndex = 0; path = XGYMediator.app; sourceTree = BUILT_PRODUCTS_DIR; };
		1D6B917622A521A9006456DC /* AppDelegate.h */ = {isa = PBXFileReference; lastKnownFileType = sourcecode.c.h; path = AppDelegate.h; sourceTree = "<group>"; };
		1D6B917722A521A9006456DC /* AppDelegate.m */ = {isa = PBXFileReference; lastKnownFileType = sourcecode.c.objc; path = AppDelegate.m; sourceTree = "<group>"; };
		1D6B917922A521A9006456DC /* ViewController.h */ = {isa = PBXFileReference; lastKnownFileType = sourcecode.c.h; path = ViewController.h; sourceTree = "<group>"; };
		1D6B917A22A521A9006456DC /* ViewController.m */ = {isa = PBXFileReference; lastKnownFileType = sourcecode.c.objc; path = ViewController.m; sourceTree = "<group>"; };
		1D6B917D22A521A9006456DC /* Base */ = {isa = PBXFileReference; lastKnownFileType = file.storyboard; name = Base; path = Base.lproj/Main.storyboard; sourceTree = "<group>"; };
		1D6B917F22A521AA006456DC /* Assets.xcassets */ = {isa = PBXFileReference; lastKnownFileType = folder.assetcatalog; path = Assets.xcassets; sourceTree = "<group>"; };
		1D6B918222A521AA006456DC /* Base */ = {isa = PBXFileReference; lastKnownFileType = file.storyboard; name = Base; path = Base.lproj/LaunchScreen.storyboard; sourceTree = "<group>"; };
		1D6B918422A521AA006456DC /* Info.plist */ = {isa = PBXFileReference; lastKnownFileType = text.plist.xml; path = Info.plist; sourceTree = "<group>"; };
		1D6B918522A521AA006456DC /* main.m */ = {isa = PBXFileReference; lastKnownFileType = sourcecode.c.objc; path = main.m; sourceTree = "<group>"; };
		1D6B918B22A521AA006456DC /* XGYMediatorTests.xctest */ = {isa = PBXFileReference; explicitFileType = wrapper.cfbundle; includeInIndex = 0; path = XGYMediatorTests.xctest; sourceTree = BUILT_PRODUCTS_DIR; };
		1D6B918F22A521AA006456DC /* XGYMediatorTests.m */ = {isa = PBXFileReference; lastKnownFileType = sourcecode.c.objc; path = XGYMediatorTests.m; sourceTree = "<group>"; };
		1D6B919122A521AA006456DC /* Info.plist */ = {isa = PBXFileReference; lastKnownFileType = text.plist.xml; path = Info.plist; sourceTree = "<group>"; };
		1D6B919622A521AA006456DC /* XGYMediatorUITests.xctest */ = {isa = PBXFileReference; explicitFileType = wrapper.cfbundle; includeInIndex = 0; path = XGYMediatorUITests.xctest; sourceTree = BUILT_PRODUCTS_DIR; };
		1D6B919A22A521AA006456DC /* XGYMediatorUITests.m */ = {isa = PBXFileReference; lastKnownFileType = sourcecode.c.objc; path = XGYMediatorUITests.m; sourceTree = "<group>"; };
		1D6B919C22A521AA006456DC /* Info.plist */ = {isa = PBXFileReference; lastKnownFileType = text.plist.xml; path = Info.plist; sourceTree = "<group>"; };
/* End PBXFileReference section */

/* Begin PBXFrameworksBuildPhase section */
		1D6B917022A521A9006456DC /* Frameworks */ = {
			isa = PBXFrameworksBuildPhase;
			buildActionMask = 2147483647;
			files = (
			);
			runOnlyForDeploymentPostprocessing = 0;
		};
		1D6B918822A521AA006456DC /* Frameworks */ = {
			isa = PBXFrameworksBuildPhase;
			buildActionMask = 2147483647;
			files = (
			);
			runOnlyForDeploymentPostprocessing = 0;
		};
		1D6B919322A521AA006456DC /* Frameworks */ = {
			isa = PBXFrameworksBuildPhase;
			buildActionMask = 2147483647;
			files = (
			);
			runOnlyForDeploymentPostprocessing = 0;
		};
/* End PBXFrameworksBuildPhase section */

/* Begin PBXGroup section */
		1D6B916A22A521A9006456DC = {
			isa = PBXGroup;
			children = (
				1D6B917522A521A9006456DC /* XGYMediator */,
				1D6B918E22A521AA006456DC /* XGYMediatorTests */,
				1D6B919922A521AA006456DC /* XGYMediatorUITests */,
				1D6B917422A521A9006456DC /* Products */,
			);
			sourceTree = "<group>";
		};
		1D6B917422A521A9006456DC /* Products */ = {
			isa = PBXGroup;
			children = (
				1D6B917322A521A9006456DC /* XGYMediator.app */,
				1D6B918B22A521AA006456DC /* XGYMediatorTests.xctest */,
				1D6B919622A521AA006456DC /* XGYMediatorUITests.xctest */,
			);
			name = Products;
			sourceTree = "<group>";
		};
		1D6B917522A521A9006456DC /* XGYMediator */ = {
			isa = PBXGroup;
			children = (
				1D6B917622A521A9006456DC /* AppDelegate.h */,
				1D6B917722A521A9006456DC /* AppDelegate.m */,
				1D6B917922A521A9006456DC /* ViewController.h */,
				1D6B917A22A521A9006456DC /* ViewController.m */,
				1D6B917C22A521A9006456DC /* Main.storyboard */,
				1D6B917F22A521AA006456DC /* Assets.xcassets */,
				1D6B918122A521AA006456DC /* LaunchScreen.storyboard */,
				1D6B918422A521AA006456DC /* Info.plist */,
				1D6B918522A521AA006456DC /* main.m */,
			);
			path = XGYMediator;
			sourceTree = "<group>";
		};
		1D6B918E22A521AA006456DC /* XGYMediatorTests */ = {
			isa = PBXGroup;
			children = (
				1D6B918F22A521AA006456DC /* XGYMediatorTests.m */,
				1D6B919122A521AA006456DC /* Info.plist */,
			);
			path = XGYMediatorTests;
			sourceTree = "<group>";
		};
		1D6B919922A521AA006456DC /* XGYMediatorUITests */ = {
			isa = PBXGroup;
			children = (
				1D6B919A22A521AA006456DC /* XGYMediatorUITests.m */,
				1D6B919C22A521AA006456DC /* Info.plist */,
			);
			path = XGYMediatorUITests;
			sourceTree = "<group>";
		};
/* End PBXGroup section */

/* Begin PBXNativeTarget section */
		1D6B917222A521A9006456DC /* XGYMediator */ = {
			isa = PBXNativeTarget;
			buildConfigurationList = 1D6B919F22A521AA006456DC /* Build configuration list for PBXNativeTarget "XGYMediator" */;
			buildPhases = (
				1D6B916F22A521A9006456DC /* Sources */,
				1D6B917022A521A9006456DC /* Frameworks */,
				1D6B917122A521A9006456DC /* Resources */,
			);
			buildRules = (
			);
			dependencies = (
			);
			name = XGYMediator;
			productName = XGYMediator;
			productReference = 1D6B917322A521A9006456DC /* XGYMediator.app */;
			productType = "com.apple.product-type.application";
		};
		1D6B918A22A521AA006456DC /* XGYMediatorTests */ = {
			isa = PBXNativeTarget;
			buildConfigurationList = 1D6B91A222A521AA006456DC /* Build configuration list for PBXNativeTarget "XGYMediatorTests" */;
			buildPhases = (
				1D6B918722A521AA006456DC /* Sources */,
				1D6B918822A521AA006456DC /* Frameworks */,
				1D6B918922A521AA006456DC /* Resources */,
			);
			buildRules = (
			);
			dependencies = (
				1D6B918D22A521AA006456DC /* PBXTargetDependency */,
			);
			name = XGYMediatorTests;
			productName = XGYMediatorTests;
			productReference = 1D6B918B22A521AA006456DC /* XGYMediatorTests.xctest */;
			productType = "com.apple.product-type.bundle.unit-test";
		};
		1D6B919522A521AA006456DC /* XGYMediatorUITests */ = {
			isa = PBXNativeTarget;
			buildConfigurationList = 1D6B91A522A521AA006456DC /* Build configuration list for PBXNativeTarget "XGYMediatorUITests" */;
			buildPhases = (
				1D6B919222A521AA006456DC /* Sources */,
				1D6B919322A521AA006456DC /* Frameworks */,
				1D6B919422A521AA006456DC /* Resources */,
			);
			buildRules = (
			);
			dependencies = (
				1D6B919822A521AA006456DC /* PBXTargetDependency */,
			);
			name = XGYMediatorUITests;
			productName = XGYMediatorUITests;
			productReference = 1D6B919622A521AA006456DC /* XGYMediatorUITests.xctest */;
			productType = "com.apple.product-type.bundle.ui-testing";
		};
/* End PBXNativeTarget section */

/* Begin PBXProject section */
		1D6B916B22A521A9006456DC /* Project object */ = {
			isa = PBXProject;
			attributes = {
				LastUpgradeCheck = 1010;
				ORGANIZATIONNAME = com.haqi;
				TargetAttributes = {
					1D6B917222A521A9006456DC = {
						CreatedOnToolsVersion = 10.1;
					};
					1D6B918A22A521AA006456DC = {
						CreatedOnToolsVersion = 10.1;
						TestTargetID = 1D6B917222A521A9006456DC;
					};
					1D6B919522A521AA006456DC = {
						CreatedOnToolsVersion = 10.1;
						TestTargetID = 1D6B917222A521A9006456DC;
					};
				};
			};
			buildConfigurationList = 1D6B916E22A521A9006456DC /* Build configuration list for PBXProject "XGYMediator" */;
			compatibilityVersion = "Xcode 9.3";
			developmentRegion = en;
			hasScannedForEncodings = 0;
			knownRegions = (
				en,
				Base,
			);
			mainGroup = 1D6B916A22A521A9006456DC;
			productRefGroup = 1D6B917422A521A9006456DC /* Products */;
			projectDirPath = "";
			projectRoot = "";
			targets = (
				1D6B917222A521A9006456DC /* XGYMediator */,
				1D6B918A22A521AA006456DC /* XGYMediatorTests */,
				1D6B919522A521AA006456DC /* XGYMediatorUITests */,
			);
		};
/* End PBXProject section */

/* Begin PBXResourcesBuildPhase section */
		1D6B917122A521A9006456DC /* Resources */ = {
			isa = PBXResourcesBuildPhase;
			buildActionMask = 2147483647;
			files = (
				1D6B918322A521AA006456DC /* LaunchScreen.storyboard in Resources */,
				1D6B918022A521AA006456DC /* Assets.xcassets in Resources */,
				1D6B917E22A521A9006456DC /* Main.storyboard in Resources */,
			);
			runOnlyForDeploymentPostprocessing = 0;
		};
		1D6B918922A521AA006456DC /* Resources */ = {
			isa = PBXResourcesBuildPhase;
			buildActionMask = 2147483647;
			files = (
			);
			runOnlyForDeploymentPostprocessing = 0;
		};
		1D6B919422A521AA006456DC /* Resources */ = {
			isa = PBXResourcesBuildPhase;
			buildActionMask = 2147483647;
			files = (
			);
			runOnlyForDeploymentPostprocessing = 0;
		};
/* End PBXResourcesBuildPhase section */

/* Begin PBXSourcesBuildPhase section */
		1D6B916F22A521A9006456DC /* Sources */ = {
			isa = PBXSourcesBuildPhase;
			buildActionMask = 2147483647;
			files = (
				1D6B917B22A521A9006456DC /* ViewController.m in Sources */,
				1D6B918622A521AA006456DC /* main.m in Sources */,
				1D6B917822A521A9006456DC /* AppDelegate.m in Sources */,
			);
			runOnlyForDeploymentPostprocessing = 0;
		};
		1D6B918722A521AA006456DC /* Sources */ = {
			isa = PBXSourcesBuildPhase;
			buildActionMask = 2147483647;
			files = (
				1D6B919022A521AA006456DC /* XGYMediatorTests.m in Sources */,
			);
			runOnlyForDeploymentPostprocessing = 0;
		};
		1D6B919222A521AA006456DC /* Sources */ = {
			isa = PBXSourcesBuildPhase;
			buildActionMask = 2147483647;
			files = (
				1D6B919B22A521AA006456DC /* XGYMediatorUITests.m in Sources */,
			);
			runOnlyForDeploymentPostprocessing = 0;
		};
/* End PBXSourcesBuildPhase section */

/* Begin PBXTargetDependency section */
		1D6B918D22A521AA006456DC /* PBXTargetDependency */ = {
			isa = PBXTargetDependency;
			target = 1D6B917222A521A9006456DC /* XGYMediator */;
			targetProxy = 1D6B918C22A521AA006456DC /* PBXContainerItemProxy */;
		};
		1D6B919822A521AA006456DC /* PBXTargetDependency */ = {
			isa = PBXTargetDependency;
			target = 1D6B917222A521A9006456DC /* XGYMediator */;
			targetProxy = 1D6B919722A521AA006456DC /* PBXContainerItemProxy */;
		};
/* End PBXTargetDependency section */

/* Begin PBXVariantGroup section */
		1D6B917C22A521A9006456DC /* Main.storyboard */ = {
			isa = PBXVariantGroup;
			children = (
				1D6B917D22A521A9006456DC /* Base */,
			);
			name = Main.storyboard;
			sourceTree = "<group>";
		};
		1D6B918122A521AA006456DC /* LaunchScreen.storyboard */ = {
			isa = PBXVariantGroup;
			children = (
				1D6B918222A521AA006456DC /* Base */,
			);
			name = LaunchScreen.storyboard;
			sourceTree = "<group>";
		};
/* End PBXVariantGroup section */

/* Begin XCBuildConfiguration section */
		1D6B919D22A521AA006456DC /* Debug */ = {
			isa = XCBuildConfiguration;
			buildSettings = {
				ALWAYS_SEARCH_USER_PATHS = NO;
				CLANG_ANALYZER_NONNULL = YES;
				CLANG_ANALYZER_NUMBER_OBJECT_CONVERSION = YES_AGGRESSIVE;
				CLANG_CXX_LANGUAGE_STANDARD = "gnu++14";
				CLANG_CXX_LIBRARY = "libc++";
				CLANG_ENABLE_MODULES = YES;
				CLANG_ENABLE_OBJC_ARC = YES;
				CLANG_ENABLE_OBJC_WEAK = YES;
				CLANG_WARN_BLOCK_CAPTURE_AUTORELEASING = YES;
				CLANG_WARN_BOOL_CONVERSION = YES;
				CLANG_WARN_COMMA = YES;
				CLANG_WARN_CONSTANT_CONVERSION = YES;
				CLANG_WARN_DEPRECATED_OBJC_IMPLEMENTATIONS = YES;
				CLANG_WARN_DIRECT_OBJC_ISA_USAGE = YES_ERROR;
				CLANG_WARN_DOCUMENTATION_COMMENTS = YES;
				CLANG_WARN_EMPTY_BODY = YES;
				CLANG_WARN_ENUM_CONVERSION = YES;
				CLANG_WARN_INFINITE_RECURSION = YES;
				CLANG_WARN_INT_CONVERSION = YES;
				CLANG_WARN_NON_LITERAL_NULL_CONVERSION = YES;
				CLANG_WARN_OBJC_IMPLICIT_RETAIN_SELF = YES;
				CLANG_WARN_OBJC_LITERAL_CONVERSION = YES;
				CLANG_WARN_OBJC_ROOT_CLASS = YES_ERROR;
				CLANG_WARN_RANGE_LOOP_ANALYSIS = YES;
				CLANG_WARN_STRICT_PROTOTYPES = YES;
				CLANG_WARN_SUSPICIOUS_MOVE = YES;
				CLANG_WARN_UNGUARDED_AVAILABILITY = YES_AGGRESSIVE;
				CLANG_WARN_UNREACHABLE_CODE = YES;
				CLANG_WARN__DUPLICATE_METHOD_MATCH = YES;
				CODE_SIGN_IDENTITY = "iPhone Developer";
				COPY_PHASE_STRIP = NO;
				DEBUG_INFORMATION_FORMAT = dwarf;
				ENABLE_STRICT_OBJC_MSGSEND = YES;
				ENABLE_TESTABILITY = YES;
				GCC_C_LANGUAGE_STANDARD = gnu11;
				GCC_DYNAMIC_NO_PIC = NO;
				GCC_NO_COMMON_BLOCKS = YES;
				GCC_OPTIMIZATION_LEVEL = 0;
				GCC_PREPROCESSOR_DEFINITIONS = (
					"DEBUG=1",
					"$(inherited)",
				);
				GCC_WARN_64_TO_32_BIT_CONVERSION = YES;
				GCC_WARN_ABOUT_RETURN_TYPE = YES_ERROR;
				GCC_WARN_UNDECLARED_SELECTOR = YES;
				GCC_WARN_UNINITIALIZED_AUTOS = YES_AGGRESSIVE;
				GCC_WARN_UNUSED_FUNCTION = YES;
				GCC_WARN_UNUSED_VARIABLE = YES;
				IPHONEOS_DEPLOYMENT_TARGET = 12.1;
				MTL_ENABLE_DEBUG_INFO = INCLUDE_SOURCE;
				MTL_FAST_MATH = YES;
				ONLY_ACTIVE_ARCH = YES;
				SDKROOT = iphoneos;
			};
			name = Debug;
		};
		1D6B919E22A521AA006456DC /* Release */ = {
			isa = XCBuildConfiguration;
			buildSettings = {
				ALWAYS_SEARCH_USER_PATHS = NO;
				CLANG_ANALYZER_NONNULL = YES;
				CLANG_ANALYZER_NUMBER_OBJECT_CONVERSION = YES_AGGRESSIVE;
				CLANG_CXX_LANGUAGE_STANDARD = "gnu++14";
				CLANG_CXX_LIBRARY = "libc++";
				CLANG_ENABLE_MODULES = YES;
				CLANG_ENABLE_OBJC_ARC = YES;
				CLANG_ENABLE_OBJC_WEAK = YES;
				CLANG_WARN_BLOCK_CAPTURE_AUTORELEASING = YES;
				CLANG_WARN_BOOL_CONVERSION = YES;
				CLANG_WARN_COMMA = YES;
				CLANG_WARN_CONSTANT_CONVERSION = YES;
				CLANG_WARN_DEPRECATED_OBJC_IMPLEMENTATIONS = YES;
				CLANG_WARN_DIRECT_OBJC_ISA_USAGE = YES_ERROR;
				CLANG_WARN_DOCUMENTATION_COMMENTS = YES;
				CLANG_WARN_EMPTY_BODY = YES;
				CLANG_WARN_ENUM_CONVERSION = YES;
				CLANG_WARN_INFINITE_RECURSION = YES;
				CLANG_WARN_INT_CONVERSION = YES;
				CLANG_WARN_NON_LITERAL_NULL_CONVERSION = YES;
				CLANG_WARN_OBJC_IMPLICIT_RETAIN_SELF = YES;
				CLANG_WARN_OBJC_LITERAL_CONVERSION = YES;
				CLANG_WARN_OBJC_ROOT_CLASS = YES_ERROR;
				CLANG_WARN_RANGE_LOOP_ANALYSIS = YES;
				CLANG_WARN_STRICT_PROTOTYPES = YES;
				CLANG_WARN_SUSPICIOUS_MOVE = YES;
				CLANG_WARN_UNGUARDED_AVAILABILITY = YES_AGGRESSIVE;
				CLANG_WARN_UNREACHABLE_CODE = YES;
				CLANG_WARN__DUPLICATE_METHOD_MATCH = YES;
				CODE_SIGN_IDENTITY = "iPhone Developer";
				COPY_PHASE_STRIP = NO;
				DEBUG_INFORMATION_FORMAT = "dwarf-with-dsym";
				ENABLE_NS_ASSERTIONS = NO;
				ENABLE_STRICT_OBJC_MSGSEND = YES;
				GCC_C_LANGUAGE_STANDARD = gnu11;
				GCC_NO_COMMON_BLOCKS = YES;
				GCC_WARN_64_TO_32_BIT_CONVERSION = YES;
				GCC_WARN_ABOUT_RETURN_TYPE = YES_ERROR;
				GCC_WARN_UNDECLARED_SELECTOR = YES;
				GCC_WARN_UNINITIALIZED_AUTOS = YES_AGGRESSIVE;
				GCC_WARN_UNUSED_FUNCTION = YES;
				GCC_WARN_UNUSED_VARIABLE = YES;
				IPHONEOS_DEPLOYMENT_TARGET = 12.1;
				MTL_ENABLE_DEBUG_INFO = NO;
				MTL_FAST_MATH = YES;
				SDKROOT = iphoneos;
				VALIDATE_PRODUCT = YES;
			};
			name = Release;
		};
		1D6B91A022A521AA006456DC /* Debug */ = {
			isa = XCBuildConfiguration;
			buildSettings = {
				ASSETCATALOG_COMPILER_APPICON_NAME = AppIcon;
				CODE_SIGN_STYLE = Automatic;
				INFOPLIST_FILE = XGYMediator/Info.plist;
				LD_RUNPATH_SEARCH_PATHS = (
					"$(inherited)",
					"@executable_path/Frameworks",
				);
				PRODUCT_BUNDLE_IDENTIFIER = enterpriseclassroom.com.XGYMediator;
				PRODUCT_NAME = "$(TARGET_NAME)";
				TARGETED_DEVICE_FAMILY = "1,2";
			};
			name = Debug;
		};
		1D6B91A122A521AA006456DC /* Release */ = {
			isa = XCBuildConfiguration;
			buildSettings = {
				ASSETCATALOG_COMPILER_APPICON_NAME = AppIcon;
				CODE_SIGN_STYLE = Automatic;
				INFOPLIST_FILE = XGYMediator/Info.plist;
				LD_RUNPATH_SEARCH_PATHS = (
					"$(inherited)",
					"@executable_path/Frameworks",
				);
				PRODUCT_BUNDLE_IDENTIFIER = enterpriseclassroom.com.XGYMediator;
				PRODUCT_NAME = "$(TARGET_NAME)";
				TARGETED_DEVICE_FAMILY = "1,2";
			};
			name = Release;
		};
		1D6B91A322A521AA006456DC /* Debug */ = {
			isa = XCBuildConfiguration;
			buildSettings = {
				BUNDLE_LOADER = "$(TEST_HOST)";
				CODE_SIGN_STYLE = Automatic;
				INFOPLIST_FILE = XGYMediatorTests/Info.plist;
				LD_RUNPATH_SEARCH_PATHS = (
					"$(inherited)",
					"@executable_path/Frameworks",
					"@loader_path/Frameworks",
				);
				PRODUCT_BUNDLE_IDENTIFIER = enterpriseclassroom.com.XGYMediatorTests;
				PRODUCT_NAME = "$(TARGET_NAME)";
				TARGETED_DEVICE_FAMILY = "1,2";
				TEST_HOST = "$(BUILT_PRODUCTS_DIR)/XGYMediator.app/XGYMediator";
			};
			name = Debug;
		};
		1D6B91A422A521AA006456DC /* Release */ = {
			isa = XCBuildConfiguration;
			buildSettings = {
				BUNDLE_LOADER = "$(TEST_HOST)";
				CODE_SIGN_STYLE = Automatic;
				INFOPLIST_FILE = XGYMediatorTests/Info.plist;
				LD_RUNPATH_SEARCH_PATHS = (
					"$(inherited)",
					"@executable_path/Frameworks",
					"@loader_path/Frameworks",
				);
				PRODUCT_BUNDLE_IDENTIFIER = enterpriseclassroom.com.XGYMediatorTests;
				PRODUCT_NAME = "$(TARGET_NAME)";
				TARGETED_DEVICE_FAMILY = "1,2";
				TEST_HOST = "$(BUILT_PRODUCTS_DIR)/XGYMediator.app/XGYMediator";
			};
			name = Release;
		};
		1D6B91A622A521AA006456DC /* Debug */ = {
			isa = XCBuildConfiguration;
			buildSettings = {
				CODE_SIGN_STYLE = Automatic;
				INFOPLIST_FILE = XGYMediatorUITests/Info.plist;
				LD_RUNPATH_SEARCH_PATHS = (
					"$(inherited)",
					"@executable_path/Frameworks",
					"@loader_path/Frameworks",
				);
				PRODUCT_BUNDLE_IDENTIFIER = enterpriseclassroom.com.XGYMediatorUITests;
				PRODUCT_NAME = "$(TARGET_NAME)";
				TARGETED_DEVICE_FAMILY = "1,2";
				TEST_TARGET_NAME = XGYMediator;
			};
			name = Debug;
		};
		1D6B91A722A521AA006456DC /* Release */ = {
			isa = XCBuildConfiguration;
			buildSettings = {
				CODE_SIGN_STYLE = Automatic;
				INFOPLIST_FILE = XGYMediatorUITests/Info.plist;
				LD_RUNPATH_SEARCH_PATHS = (
					"$(inherited)",
					"@executable_path/Frameworks",
					"@loader_path/Frameworks",
				);
				PRODUCT_BUNDLE_IDENTIFIER = enterpriseclassroom.com.XGYMediatorUITests;
				PRODUCT_NAME = "$(TARGET_NAME)";
				TARGETED_DEVICE_FAMILY = "1,2";
				TEST_TARGET_NAME = XGYMediator;
			};
			name = Release;
		};
/* End XCBuildConfiguration section */

/* Begin XCConfigurationList section */
		1D6B916E22A521A9006456DC /* Build configuration list for PBXProject "XGYMediator" */ = {
			isa = XCConfigurationList;
			buildConfigurations = (
				1D6B919D22A521AA006456DC /* Debug */,
				1D6B919E22A521AA006456DC /* Release */,
			);
			defaultConfigurationIsVisible = 0;
			defaultConfigurationName = Release;
		};
		1D6B919F22A521AA006456DC /* Build configuration list for PBXNativeTarget "XGYMediator" */ = {
			isa = XCConfigurationList;
			buildConfigurations = (
				1D6B91A022A521AA006456DC /* Debug */,
				1D6B91A122A521AA006456DC /* Release */,
			);
			defaultConfigurationIsVisible = 0;
			defaultConfigurationName = Release;
		};
		1D6B91A222A521AA006456DC /* Build configuration list for PBXNativeTarget "XGYMediatorTests" */ = {
			isa = XCConfigurationList;
			buildConfigurations = (
				1D6B91A322A521AA006456DC /* Debug */,
				1D6B91A422A521AA006456DC /* Release */,
			);
			defaultConfigurationIsVisible = 0;
			defaultConfigurationName = Release;
		};
		1D6B91A522A521AA006456DC /* Build configuration list for PBXNativeTarget "XGYMediatorUITests" */ = {
			isa = XCConfigurationList;
			buildConfigurations = (
				1D6B91A622A521AA006456DC /* Debug */,
				1D6B91A722A521AA006456DC /* Release */,
			);
			defaultConfigurationIsVisible = 0;
			defaultConfigurationName = Release;
		};
/* End XCConfigurationList section */
	};
	rootObject = 1D6B916B22A521A9006456DC /* Project object */;
}
